
Microsoft Visual Studio Solution File, Format Version 12.00
# Visual Studio Version 17
VisualStudioVersion = 17.8.34511.84
MinimumVisualStudioVersion = 10.0.40219.1
Project("{FAE04EC0-301F-11D3-BF4B-00C04F79EFBC}") = "Riccardo.Guardabascio.EsercizioBattagliaNavale", "Riccardo.Guardabascio.EsercizioBattagliaNavale.csproj", "{D503D680-ED3E-4590-8B2E-11E5E44458AD}"
EndProject
Global
	GlobalSection(SolutionConfigurationPlatforms) = preSolution
		Debug|Any CPU = Debug|Any CPU
		Release|Any CPU = Release|Any CPU
	EndGlobalSection
	GlobalSection(ProjectConfigurationPlatforms) = postSolution
		{D503D680-ED3E-4590-8B2E-11E5E44458AD}.Debug|Any CPU.ActiveCfg = Debug|Any CPU
		{D503D680-ED3E-4590-8B2E-11E5E44458AD}.Debug|Any CPU.Build.0 = Debug|Any CPU
		{D503D680-ED3E-4590-8B2E-11E5E44458AD}.Release|Any CPU.ActiveCfg = Release|Any CPU
		{D503D680-ED3E-4590-8B2E-11E5E44458AD}.Release|Any CPU.Build.0 = Release|Any CPU
	EndGlobalSection
	GlobalSection(SolutionProperties) = preSolution
		HideSolutionNode = FALSE
	EndGlobalSection
	GlobalSection(ExtensibilityGlobals) = postSolution
		SolutionGuid = {7058E021-DC12-4AC6-B7E3-E2DD06157C1C}
	EndGlobalSection
EndGlobal
